
Microsoft Visual Studio Solution File, Format Version 12.00
# Visual Studio Version 16
VisualStudioVersion = 16.0.31025.194
MinimumVisualStudioVersion = 10.0.40219.1
Project("{9A19103F-16F7-4668-BE54-9A1E7A4F7556}") = "Циклы", "Циклы.csproj", "{841923BA-2AA8-4E96-899B-3D428C5E6F92}"
EndProject
Global
	GlobalSection(SolutionConfigurationPlatforms) = preSolution
		Debug|Any CPU = Debug|Any CPU
		Release|Any CPU = Release|Any CPU
	EndGlobalSection
	GlobalSection(ProjectConfigurationPlatforms) = postSolution
		{841923BA-2AA8-4E96-899B-3D428C5E6F92}.Debug|Any CPU.ActiveCfg = Debug|Any CPU
		{841923BA-2AA8-4E96-899B-3D428C5E6F92}.Debug|Any CPU.Build.0 = Debug|Any CPU
		{841923BA-2AA8-4E96-899B-3D428C5E6F92}.Release|Any CPU.ActiveCfg = Release|Any CPU
		{841923BA-2AA8-4E96-899B-3D428C5E6F92}.Release|Any CPU.Build.0 = Release|Any CPU
	EndGlobalSection
	GlobalSection(SolutionProperties) = preSolution
		HideSolutionNode = FALSE
	EndGlobalSection
	GlobalSection(ExtensibilityGlobals) = postSolution
		SolutionGuid = {2477D964-8D11-4761-AEB6-01CEA389A844}
	EndGlobalSection
EndGlobal
